// !$*UTF8*$!
{
	archiveVersion = 1;
	classes = {
	};
	objectVersion = 56;
	objects = {

/* Begin PBXBuildFile section */
		92744E252AB8540A00794EA0 /* AppDelegate.swift in Sources */ = {isa = PBXBuildFile; fileRef = 92744E242AB8540A00794EA0 /* AppDelegate.swift */; };
		92744E272AB8540A00794EA0 /* SceneDelegate.swift in Sources */ = {isa = PBXBuildFile; fileRef = 92744E262AB8540A00794EA0 /* SceneDelegate.swift */; };
		92744E292AB8540A00794EA0 /* ViewController.swift in Sources */ = {isa = PBXBuildFile; fileRef = 92744E282AB8540A00794EA0 /* ViewController.swift */; };
		92744E2C2AB8540A00794EA0 /* Main.storyboard in Resources */ = {isa = PBXBuildFile; fileRef = 92744E2A2AB8540A00794EA0 /* Main.storyboard */; };
		92744E2E2AB8540C00794EA0 /* Assets.xcassets in Resources */ = {isa = PBXBuildFile; fileRef = 92744E2D2AB8540C00794EA0 /* Assets.xcassets */; };
		92744E312AB8540C00794EA0 /* LaunchScreen.storyboard in Resources */ = {isa = PBXBuildFile; fileRef = 92744E2F2AB8540C00794EA0 /* LaunchScreen.storyboard */; };
		92744E3C2AB8540C00794EA0 /* Feature_Flagging_AppTests.swift in Sources */ = {isa = PBXBuildFile; fileRef = 92744E3B2AB8540C00794EA0 /* Feature_Flagging_AppTests.swift */; };
		92744E462AB8540C00794EA0 /* Feature_Flagging_AppUITests.swift in Sources */ = {isa = PBXBuildFile; fileRef = 92744E452AB8540C00794EA0 /* Feature_Flagging_AppUITests.swift */; };
		92744E482AB8540C00794EA0 /* Feature_Flagging_AppUITestsLaunchTests.swift in Sources */ = {isa = PBXBuildFile; fileRef = 92744E472AB8540C00794EA0 /* Feature_Flagging_AppUITestsLaunchTests.swift */; };
		92CFC61A2AB9643200A12C74 /* FeatureFlagManager.swift in Sources */ = {isa = PBXBuildFile; fileRef = 92CFC6192AB9643200A12C74 /* FeatureFlagManager.swift */; };
		92CFC61C2AB96BB000A12C74 /* Nicknames.swift in Sources */ = {isa = PBXBuildFile; fileRef = 92CFC61B2AB96BB000A12C74 /* Nicknames.swift */; };
/* End PBXBuildFile section */

/* Begin PBXContainerItemProxy section */
		92744E382AB8540C00794EA0 /* PBXContainerItemProxy */ = {
			isa = PBXContainerItemProxy;
			containerPortal = 92744E192AB8540A00794EA0 /* Project object */;
			proxyType = 1;
			remoteGlobalIDString = 92744E202AB8540A00794EA0;
			remoteInfo = Feature_Flagging_App;
		};
		92744E422AB8540C00794EA0 /* PBXContainerItemProxy */ = {
			isa = PBXContainerItemProxy;
			containerPortal = 92744E192AB8540A00794EA0 /* Project object */;
			proxyType = 1;
			remoteGlobalIDString = 92744E202AB8540A00794EA0;
			remoteInfo = Feature_Flagging_App;
		};
/* End PBXContainerItemProxy section */

/* Begin PBXFileReference section */
		92744E212AB8540A00794EA0 /* Feature_Flagging_App.app */ = {isa = PBXFileReference; explicitFileType = wrapper.application; includeInIndex = 0; path = Feature_Flagging_App.app; sourceTree = BUILT_PRODUCTS_DIR; };
		92744E242AB8540A00794EA0 /* AppDelegate.swift */ = {isa = PBXFileReference; lastKnownFileType = sourcecode.swift; path = AppDelegate.swift; sourceTree = "<group>"; };
		92744E262AB8540A00794EA0 /* SceneDelegate.swift */ = {isa = PBXFileReference; lastKnownFileType = sourcecode.swift; path = SceneDelegate.swift; sourceTree = "<group>"; };
		92744E282AB8540A00794EA0 /* ViewController.swift */ = {isa = PBXFileReference; lastKnownFileType = sourcecode.swift; path = ViewController.swift; sourceTree = "<group>"; };
		92744E2B2AB8540A00794EA0 /* Base */ = {isa = PBXFileReference; lastKnownFileType = file.storyboard; name = Base; path = Base.lproj/Main.storyboard; sourceTree = "<group>"; };
		92744E2D2AB8540C00794EA0 /* Assets.xcassets */ = {isa = PBXFileReference; lastKnownFileType = folder.assetcatalog; path = Assets.xcassets; sourceTree = "<group>"; };
		92744E302AB8540C00794EA0 /* Base */ = {isa = PBXFileReference; lastKnownFileType = file.storyboard; name = Base; path = Base.lproj/LaunchScreen.storyboard; sourceTree = "<group>"; };
		92744E322AB8540C00794EA0 /* Info.plist */ = {isa = PBXFileReference; lastKnownFileType = text.plist.xml; path = Info.plist; sourceTree = "<group>"; };
		92744E372AB8540C00794EA0 /* Feature_Flagging_AppTests.xctest */ = {isa = PBXFileReference; explicitFileType = wrapper.cfbundle; includeInIndex = 0; path = Feature_Flagging_AppTests.xctest; sourceTree = BUILT_PRODUCTS_DIR; };
		92744E3B2AB8540C00794EA0 /* Feature_Flagging_AppTests.swift */ = {isa = PBXFileReference; lastKnownFileType = sourcecode.swift; path = Feature_Flagging_AppTests.swift; sourceTree = "<group>"; };
		92744E412AB8540C00794EA0 /* Feature_Flagging_AppUITests.xctest */ = {isa = PBXFileReference; explicitFileType = wrapper.cfbundle; includeInIndex = 0; path = Feature_Flagging_AppUITests.xctest; sourceTree = BUILT_PRODUCTS_DIR; };
		92744E452AB8540C00794EA0 /* Feature_Flagging_AppUITests.swift */ = {isa = PBXFileReference; lastKnownFileType = sourcecode.swift; path = Feature_Flagging_AppUITests.swift; sourceTree = "<group>"; };
		92744E472AB8540C00794EA0 /* Feature_Flagging_AppUITestsLaunchTests.swift */ = {isa = PBXFileReference; lastKnownFileType = sourcecode.swift; path = Feature_Flagging_AppUITestsLaunchTests.swift; sourceTree = "<group>"; };
		92CFC6192AB9643200A12C74 /* FeatureFlagManager.swift */ = {isa = PBXFileReference; lastKnownFileType = sourcecode.swift; path = FeatureFlagManager.swift; sourceTree = "<group>"; };
		92CFC61B2AB96BB000A12C74 /* Nicknames.swift */ = {isa = PBXFileReference; lastKnownFileType = sourcecode.swift; path = Nicknames.swift; sourceTree = "<group>"; };
/* End PBXFileReference section */

/* Begin PBXFrameworksBuildPhase section */
		92744E1E2AB8540A00794EA0 /* Frameworks */ = {
			isa = PBXFrameworksBuildPhase;
			buildActionMask = 2147483647;
			files = (
			);
			runOnlyForDeploymentPostprocessing = 0;
		};
		92744E342AB8540C00794EA0 /* Frameworks */ = {
			isa = PBXFrameworksBuildPhase;
			buildActionMask = 2147483647;
			files = (
			);
			runOnlyForDeploymentPostprocessing = 0;
		};
		92744E3E2AB8540C00794EA0 /* Frameworks */ = {
			isa = PBXFrameworksBuildPhase;
			buildActionMask = 2147483647;
			files = (
			);
			runOnlyForDeploymentPostprocessing = 0;
		};
/* End PBXFrameworksBuildPhase section */

/* Begin PBXGroup section */
		92744E182AB8540A00794EA0 = {
			isa = PBXGroup;
			children = (
				92744E232AB8540A00794EA0 /* Feature_Flagging_App */,
				92744E3A2AB8540C00794EA0 /* Feature_Flagging_AppTests */,
				92744E442AB8540C00794EA0 /* Feature_Flagging_AppUITests */,
				92744E222AB8540A00794EA0 /* Products */,
			);
			sourceTree = "<group>";
		};
		92744E222AB8540A00794EA0 /* Products */ = {
			isa = PBXGroup;
			children = (
				92744E212AB8540A00794EA0 /* Feature_Flagging_App.app */,
				92744E372AB8540C00794EA0 /* Feature_Flagging_AppTests.xctest */,
				92744E412AB8540C00794EA0 /* Feature_Flagging_AppUITests.xctest */,
			);
			name = Products;
			sourceTree = "<group>";
		};
		92744E232AB8540A00794EA0 /* Feature_Flagging_App */ = {
			isa = PBXGroup;
			children = (
				92CFC6202AB9C61F00A12C74 /* App Resources */,
				92CFC61F2AB9C60300A12C74 /* Presenter */,
				92CFC61E2AB9C5FC00A12C74 /* View */,
				92CFC61D2AB9C5F500A12C74 /* Model */,
				92744E322AB8540C00794EA0 /* Info.plist */,
			);
			path = Feature_Flagging_App;
			sourceTree = "<group>";
		};
		92744E3A2AB8540C00794EA0 /* Feature_Flagging_AppTests */ = {
			isa = PBXGroup;
			children = (
				92744E3B2AB8540C00794EA0 /* Feature_Flagging_AppTests.swift */,
			);
			path = Feature_Flagging_AppTests;
			sourceTree = "<group>";
		};
		92744E442AB8540C00794EA0 /* Feature_Flagging_AppUITests */ = {
			isa = PBXGroup;
			children = (
				92744E452AB8540C00794EA0 /* Feature_Flagging_AppUITests.swift */,
				92744E472AB8540C00794EA0 /* Feature_Flagging_AppUITestsLaunchTests.swift */,
			);
			path = Feature_Flagging_AppUITests;
			sourceTree = "<group>";
		};
		92CFC61D2AB9C5F500A12C74 /* Model */ = {
			isa = PBXGroup;
			children = (
				92CFC61B2AB96BB000A12C74 /* Nicknames.swift */,
			);
			path = Model;
			sourceTree = "<group>";
		};
		92CFC61E2AB9C5FC00A12C74 /* View */ = {
			isa = PBXGroup;
			children = (
				92744E282AB8540A00794EA0 /* ViewController.swift */,
				92744E2A2AB8540A00794EA0 /* Main.storyboard */,
				92744E2F2AB8540C00794EA0 /* LaunchScreen.storyboard */,
			);
			path = View;
			sourceTree = "<group>";
		};
		92CFC61F2AB9C60300A12C74 /* Presenter */ = {
			isa = PBXGroup;
			children = (
				92CFC6192AB9643200A12C74 /* FeatureFlagManager.swift */,
			);
			path = Presenter;
			sourceTree = "<group>";
		};
		92CFC6202AB9C61F00A12C74 /* App Resources */ = {
			isa = PBXGroup;
			children = (
				92744E242AB8540A00794EA0 /* AppDelegate.swift */,
				92744E262AB8540A00794EA0 /* SceneDelegate.swift */,
				92744E2D2AB8540C00794EA0 /* Assets.xcassets */,
			);
			path = "App Resources";
			sourceTree = "<group>";
		};
/* End PBXGroup section */

/* Begin PBXNativeTarget section */
		92744E202AB8540A00794EA0 /* Feature_Flagging_App */ = {
			isa = PBXNativeTarget;
			buildConfigurationList = 92744E4B2AB8540C00794EA0 /* Build configuration list for PBXNativeTarget "Feature_Flagging_App" */;
			buildPhases = (
				92744E1D2AB8540A00794EA0 /* Sources */,
				92744E1E2AB8540A00794EA0 /* Frameworks */,
				92744E1F2AB8540A00794EA0 /* Resources */,
			);
			buildRules = (
			);
			dependencies = (
			);
			name = Feature_Flagging_App;
			productName = Feature_Flagging_App;
			productReference = 92744E212AB8540A00794EA0 /* Feature_Flagging_App.app */;
			productType = "com.apple.product-type.application";
		};
		92744E362AB8540C00794EA0 /* Feature_Flagging_AppTests */ = {
			isa = PBXNativeTarget;
			buildConfigurationList = 92744E4E2AB8540C00794EA0 /* Build configuration list for PBXNativeTarget "Feature_Flagging_AppTests" */;
			buildPhases = (
				92744E332AB8540C00794EA0 /* Sources */,
				92744E342AB8540C00794EA0 /* Frameworks */,
				92744E352AB8540C00794EA0 /* Resources */,
			);
			buildRules = (
			);
			dependencies = (
				92744E392AB8540C00794EA0 /* PBXTargetDependency */,
			);
			name = Feature_Flagging_AppTests;
			productName = Feature_Flagging_AppTests;
			productReference = 92744E372AB8540C00794EA0 /* Feature_Flagging_AppTests.xctest */;
			productType = "com.apple.product-type.bundle.unit-test";
		};
		92744E402AB8540C00794EA0 /* Feature_Flagging_AppUITests */ = {
			isa = PBXNativeTarget;
			buildConfigurationList = 92744E512AB8540C00794EA0 /* Build configuration list for PBXNativeTarget "Feature_Flagging_AppUITests" */;
			buildPhases = (
				92744E3D2AB8540C00794EA0 /* Sources */,
				92744E3E2AB8540C00794EA0 /* Frameworks */,
				92744E3F2AB8540C00794EA0 /* Resources */,
			);
			buildRules = (
			);
			dependencies = (
				92744E432AB8540C00794EA0 /* PBXTargetDependency */,
			);
			name = Feature_Flagging_AppUITests;
			productName = Feature_Flagging_AppUITests;
			productReference = 92744E412AB8540C00794EA0 /* Feature_Flagging_AppUITests.xctest */;
			productType = "com.apple.product-type.bundle.ui-testing";
		};
/* End PBXNativeTarget section */

/* Begin PBXProject section */
		92744E192AB8540A00794EA0 /* Project object */ = {
			isa = PBXProject;
			attributes = {
				BuildIndependentTargetsInParallel = 1;
				LastSwiftUpdateCheck = 1500;
				LastUpgradeCheck = 1500;
				TargetAttributes = {
					92744E202AB8540A00794EA0 = {
						CreatedOnToolsVersion = 15.0;
					};
					92744E362AB8540C00794EA0 = {
						CreatedOnToolsVersion = 15.0;
						TestTargetID = 92744E202AB8540A00794EA0;
					};
					92744E402AB8540C00794EA0 = {
						CreatedOnToolsVersion = 15.0;
						TestTargetID = 92744E202AB8540A00794EA0;
					};
				};
			};
			buildConfigurationList = 92744E1C2AB8540A00794EA0 /* Build configuration list for PBXProject "Feature_Flagging_App" */;
			compatibilityVersion = "Xcode 14.0";
			developmentRegion = en;
			hasScannedForEncodings = 0;
			knownRegions = (
				en,
				Base,
			);
			mainGroup = 92744E182AB8540A00794EA0;
			productRefGroup = 92744E222AB8540A00794EA0 /* Products */;
			projectDirPath = "";
			projectRoot = "";
			targets = (
				92744E202AB8540A00794EA0 /* Feature_Flagging_App */,
				92744E362AB8540C00794EA0 /* Feature_Flagging_AppTests */,
				92744E402AB8540C00794EA0 /* Feature_Flagging_AppUITests */,
			);
		};
/* End PBXProject section */

/* Begin PBXResourcesBuildPhase section */
		92744E1F2AB8540A00794EA0 /* Resources */ = {
			isa = PBXResourcesBuildPhase;
			buildActionMask = 2147483647;
			files = (
				92744E312AB8540C00794EA0 /* LaunchScreen.storyboard in Resources */,
				92744E2E2AB8540C00794EA0 /* Assets.xcassets in Resources */,
				92744E2C2AB8540A00794EA0 /* Main.storyboard in Resources */,
			);
			runOnlyForDeploymentPostprocessing = 0;
		};
		92744E352AB8540C00794EA0 /* Resources */ = {
			isa = PBXResourcesBuildPhase;
			buildActionMask = 2147483647;
			files = (
			);
			runOnlyForDeploymentPostprocessing = 0;
		};
		92744E3F2AB8540C00794EA0 /* Resources */ = {
			isa = PBXResourcesBuildPhase;
			buildActionMask = 2147483647;
			files = (
			);
			runOnlyForDeploymentPostprocessing = 0;
		};
/* End PBXResourcesBuildPhase section */

/* Begin PBXSourcesBuildPhase section */
		92744E1D2AB8540A00794EA0 /* Sources */ = {
			isa = PBXSourcesBuildPhase;
			buildActionMask = 2147483647;
			files = (
				92CFC61A2AB9643200A12C74 /* FeatureFlagManager.swift in Sources */,
				92CFC61C2AB96BB000A12C74 /* Nicknames.swift in Sources */,
				92744E292AB8540A00794EA0 /* ViewController.swift in Sources */,
				92744E252AB8540A00794EA0 /* AppDelegate.swift in Sources */,
				92744E272AB8540A00794EA0 /* SceneDelegate.swift in Sources */,
			);
			runOnlyForDeploymentPostprocessing = 0;
		};
		92744E332AB8540C00794EA0 /* Sources */ = {
			isa = PBXSourcesBuildPhase;
			buildActionMask = 2147483647;
			files = (
				92744E3C2AB8540C00794EA0 /* Feature_Flagging_AppTests.swift in Sources */,
			);
			runOnlyForDeploymentPostprocessing = 0;
		};
		92744E3D2AB8540C00794EA0 /* Sources */ = {
			isa = PBXSourcesBuildPhase;
			buildActionMask = 2147483647;
			files = (
				92744E482AB8540C00794EA0 /* Feature_Flagging_AppUITestsLaunchTests.swift in Sources */,
				92744E462AB8540C00794EA0 /* Feature_Flagging_AppUITests.swift in Sources */,
			);
			runOnlyForDeploymentPostprocessing = 0;
		};
/* End PBXSourcesBuildPhase section */

/* Begin PBXTargetDependency section */
		92744E392AB8540C00794EA0 /* PBXTargetDependency */ = {
			isa = PBXTargetDependency;
			target = 92744E202AB8540A00794EA0 /* Feature_Flagging_App */;
			targetProxy = 92744E382AB8540C00794EA0 /* PBXContainerItemProxy */;
		};
		92744E432AB8540C00794EA0 /* PBXTargetDependency */ = {
			isa = PBXTargetDependency;
			target = 92744E202AB8540A00794EA0 /* Feature_Flagging_App */;
			targetProxy = 92744E422AB8540C00794EA0 /* PBXContainerItemProxy */;
		};
/* End PBXTargetDependency section */

/* Begin PBXVariantGroup section */
		92744E2A2AB8540A00794EA0 /* Main.storyboard */ = {
			isa = PBXVariantGroup;
			children = (
				92744E2B2AB8540A00794EA0 /* Base */,
			);
			name = Main.storyboard;
			sourceTree = "<group>";
		};
		92744E2F2AB8540C00794EA0 /* LaunchScreen.storyboard */ = {
			isa = PBXVariantGroup;
			children = (
				92744E302AB8540C00794EA0 /* Base */,
			);
			name = LaunchScreen.storyboard;
			sourceTree = "<group>";
		};
/* End PBXVariantGroup section */

/* Begin XCBuildConfiguration section */
		92744E492AB8540C00794EA0 /* Debug */ = {
			isa = XCBuildConfiguration;
			buildSettings = {
				ALWAYS_SEARCH_USER_PATHS = NO;
				ASSETCATALOG_COMPILER_GENERATE_SWIFT_ASSET_SYMBOL_EXTENSIONS = YES;
				CLANG_ANALYZER_NONNULL = YES;
				CLANG_ANALYZER_NUMBER_OBJECT_CONVERSION = YES_AGGRESSIVE;
				CLANG_CXX_LANGUAGE_STANDARD = "gnu++20";
				CLANG_ENABLE_MODULES = YES;
				CLANG_ENABLE_OBJC_ARC = YES;
				CLANG_ENABLE_OBJC_WEAK = YES;
				CLANG_WARN_BLOCK_CAPTURE_AUTORELEASING = YES;
				CLANG_WARN_BOOL_CONVERSION = YES;
				CLANG_WARN_COMMA = YES;
				CLANG_WARN_CONSTANT_CONVERSION = YES;
				CLANG_WARN_DEPRECATED_OBJC_IMPLEMENTATIONS = YES;
				CLANG_WARN_DIRECT_OBJC_ISA_USAGE = YES_ERROR;
				CLANG_WARN_DOCUMENTATION_COMMENTS = YES;
				CLANG_WARN_EMPTY_BODY = YES;
				CLANG_WARN_ENUM_CONVERSION = YES;
				CLANG_WARN_INFINITE_RECURSION = YES;
				CLANG_WARN_INT_CONVERSION = YES;
				CLANG_WARN_NON_LITERAL_NULL_CONVERSION = YES;
				CLANG_WARN_OBJC_IMPLICIT_RETAIN_SELF = YES;
				CLANG_WARN_OBJC_LITERAL_CONVERSION = YES;
				CLANG_WARN_OBJC_ROOT_CLASS = YES_ERROR;
				CLANG_WARN_QUOTED_INCLUDE_IN_FRAMEWORK_HEADER = YES;
				CLANG_WARN_RANGE_LOOP_ANALYSIS = YES;
				CLANG_WARN_STRICT_PROTOTYPES = YES;
				CLANG_WARN_SUSPICIOUS_MOVE = YES;
				CLANG_WARN_UNGUARDED_AVAILABILITY = YES_AGGRESSIVE;
				CLANG_WARN_UNREACHABLE_CODE = YES;
				CLANG_WARN__DUPLICATE_METHOD_MATCH = YES;
				COPY_PHASE_STRIP = NO;
				DEBUG_INFORMATION_FORMAT = dwarf;
				ENABLE_STRICT_OBJC_MSGSEND = YES;
				ENABLE_TESTABILITY = YES;
				ENABLE_USER_SCRIPT_SANDBOXING = YES;
				GCC_C_LANGUAGE_STANDARD = gnu17;
				GCC_DYNAMIC_NO_PIC = NO;
				GCC_NO_COMMON_BLOCKS = YES;
				GCC_OPTIMIZATION_LEVEL = 0;
				GCC_PREPROCESSOR_DEFINITIONS = (
					"DEBUG=1",
					"$(inherited)",
				);
				GCC_WARN_64_TO_32_BIT_CONVERSION = YES;
				GCC_WARN_ABOUT_RETURN_TYPE = YES_ERROR;
				GCC_WARN_UNDECLARED_SELECTOR = YES;
				GCC_WARN_UNINITIALIZED_AUTOS = YES_AGGRESSIVE;
				GCC_WARN_UNUSED_FUNCTION = YES;
				GCC_WARN_UNUSED_VARIABLE = YES;
				IPHONEOS_DEPLOYMENT_TARGET = 17.0;
				LOCALIZATION_PREFERS_STRING_CATALOGS = YES;
				MTL_ENABLE_DEBUG_INFO = INCLUDE_SOURCE;
				MTL_FAST_MATH = YES;
				ONLY_ACTIVE_ARCH = YES;
				SDKROOT = iphoneos;
				SWIFT_ACTIVE_COMPILATION_CONDITIONS = "DEBUG $(inherited)";
				SWIFT_OPTIMIZATION_LEVEL = "-Onone";
			};
			name = Debug;
		};
		92744E4A2AB8540C00794EA0 /* Release */ = {
			isa = XCBuildConfiguration;
			buildSettings = {
				ALWAYS_SEARCH_USER_PATHS = NO;
				ASSETCATALOG_COMPILER_GENERATE_SWIFT_ASSET_SYMBOL_EXTENSIONS = YES;
				CLANG_ANALYZER_NONNULL = YES;
				CLANG_ANALYZER_NUMBER_OBJECT_CONVERSION = YES_AGGRESSIVE;
				CLANG_CXX_LANGUAGE_STANDARD = "gnu++20";
				CLANG_ENABLE_MODULES = YES;
				CLANG_ENABLE_OBJC_ARC = YES;
				CLANG_ENABLE_OBJC_WEAK = YES;
				CLANG_WARN_BLOCK_CAPTURE_AUTORELEASING = YES;
				CLANG_WARN_BOOL_CONVERSION = YES;
				CLANG_WARN_COMMA = YES;
				CLANG_WARN_CONSTANT_CONVERSION = YES;
				CLANG_WARN_DEPRECATED_OBJC_IMPLEMENTATIONS = YES;
				CLANG_WARN_DIRECT_OBJC_ISA_USAGE = YES_ERROR;
				CLANG_WARN_DOCUMENTATION_COMMENTS = YES;
				CLANG_WARN_EMPTY_BODY = YES;
				CLANG_WARN_ENUM_CONVERSION = YES;
				CLANG_WARN_INFINITE_RECURSION = YES;
				CLANG_WARN_INT_CONVERSION = YES;
				CLANG_WARN_NON_LITERAL_NULL_CONVERSION = YES;
				CLANG_WARN_OBJC_IMPLICIT_RETAIN_SELF = YES;
				CLANG_WARN_OBJC_LITERAL_CONVERSION = YES;
				CLANG_WARN_OBJC_ROOT_CLASS = YES_ERROR;
				CLANG_WARN_QUOTED_INCLUDE_IN_FRAMEWORK_HEADER = YES;
				CLANG_WARN_RANGE_LOOP_ANALYSIS = YES;
				CLANG_WARN_STRICT_PROTOTYPES = YES;
				CLANG_WARN_SUSPICIOUS_MOVE = YES;
				CLANG_WARN_UNGUARDED_AVAILABILITY = YES_AGGRESSIVE;
				CLANG_WARN_UNREACHABLE_CODE = YES;
				CLANG_WARN__DUPLICATE_METHOD_MATCH = YES;
				COPY_PHASE_STRIP = NO;
				DEBUG_INFORMATION_FORMAT = "dwarf-with-dsym";
				ENABLE_NS_ASSERTIONS = NO;
				ENABLE_STRICT_OBJC_MSGSEND = YES;
				ENABLE_USER_SCRIPT_SANDBOXING = YES;
				GCC_C_LANGUAGE_STANDARD = gnu17;
				GCC_NO_COMMON_BLOCKS = YES;
				GCC_WARN_64_TO_32_BIT_CONVERSION = YES;
				GCC_WARN_ABOUT_RETURN_TYPE = YES_ERROR;
				GCC_WARN_UNDECLARED_SELECTOR = YES;
				GCC_WARN_UNINITIALIZED_AUTOS = YES_AGGRESSIVE;
				GCC_WARN_UNUSED_FUNCTION = YES;
				GCC_WARN_UNUSED_VARIABLE = YES;
				IPHONEOS_DEPLOYMENT_TARGET = 17.0;
				LOCALIZATION_PREFERS_STRING_CATALOGS = YES;
				MTL_ENABLE_DEBUG_INFO = NO;
				MTL_FAST_MATH = YES;
				SDKROOT = iphoneos;
				SWIFT_COMPILATION_MODE = wholemodule;
				VALIDATE_PRODUCT = YES;
			};
			name = Release;
		};
		92744E4C2AB8540C00794EA0 /* Debug */ = {
			isa = XCBuildConfiguration;
			buildSettings = {
				ASSETCATALOG_COMPILER_APPICON_NAME = AppIcon;
				ASSETCATALOG_COMPILER_GLOBAL_ACCENT_COLOR_NAME = AccentColor;
				CODE_SIGN_STYLE = Automatic;
				CURRENT_PROJECT_VERSION = 1;
				GENERATE_INFOPLIST_FILE = YES;
				INFOPLIST_FILE = Feature_Flagging_App/Info.plist;
				INFOPLIST_KEY_UIApplicationSupportsIndirectInputEvents = YES;
				INFOPLIST_KEY_UILaunchStoryboardName = LaunchScreen;
				INFOPLIST_KEY_UIMainStoryboardFile = Main;
				INFOPLIST_KEY_UISupportedInterfaceOrientations_iPad = "UIInterfaceOrientationPortrait UIInterfaceOrientationPortraitUpsideDown UIInterfaceOrientationLandscapeLeft UIInterfaceOrientationLandscapeRight";
				INFOPLIST_KEY_UISupportedInterfaceOrientations_iPhone = "UIInterfaceOrientationPortrait UIInterfaceOrientationLandscapeLeft UIInterfaceOrientationLandscapeRight";
				LD_RUNPATH_SEARCH_PATHS = (
					"$(inherited)",
					"@executable_path/Frameworks",
				);
				MARKETING_VERSION = 1.0;
				PRODUCT_BUNDLE_IDENTIFIER = "com.neosoft.Feature-Flagging-App";
				PRODUCT_NAME = "$(TARGET_NAME)";
				SWIFT_EMIT_LOC_STRINGS = YES;
				SWIFT_VERSION = 5.0;
				TARGETED_DEVICE_FAMILY = "1,2";
			};
			name = Debug;
		};
		92744E4D2AB8540C00794EA0 /* Release */ = {
			isa = XCBuildConfiguration;
			buildSettings = {
				ASSETCATALOG_COMPILER_APPICON_NAME = AppIcon;
				ASSETCATALOG_COMPILER_GLOBAL_ACCENT_COLOR_NAME = AccentColor;
				CODE_SIGN_STYLE = Automatic;
				CURRENT_PROJECT_VERSION = 1;
				GENERATE_INFOPLIST_FILE = YES;
				INFOPLIST_FILE = Feature_Flagging_App/Info.plist;
				INFOPLIST_KEY_UIApplicationSupportsIndirectInputEvents = YES;
				INFOPLIST_KEY_UILaunchStoryboardName = LaunchScreen;
				INFOPLIST_KEY_UIMainStoryboardFile = Main;
				INFOPLIST_KEY_UISupportedInterfaceOrientations_iPad = "UIInterfaceOrientationPortrait UIInterfaceOrientationPortraitUpsideDown UIInterfaceOrientationLandscapeLeft UIInterfaceOrientationLandscapeRight";
				INFOPLIST_KEY_UISupportedInterfaceOrientations_iPhone = "UIInterfaceOrientationPortrait UIInterfaceOrientationLandscapeLeft UIInterfaceOrientationLandscapeRight";
				LD_RUNPATH_SEARCH_PATHS = (
					"$(inherited)",
					"@executable_path/Frameworks",
				);
				MARKETING_VERSION = 1.0;
				PRODUCT_BUNDLE_IDENTIFIER = "com.neosoft.Feature-Flagging-App";
				PRODUCT_NAME = "$(TARGET_NAME)";
				SWIFT_EMIT_LOC_STRINGS = YES;
				SWIFT_VERSION = 5.0;
				TARGETED_DEVICE_FAMILY = "1,2";
			};
			name = Release;
		};
		92744E4F2AB8540C00794EA0 /* Debug */ = {
			isa = XCBuildConfiguration;
			buildSettings = {
				ALWAYS_EMBED_SWIFT_STANDARD_LIBRARIES = YES;
				BUNDLE_LOADER = "$(TEST_HOST)";
				CODE_SIGN_STYLE = Automatic;
				CURRENT_PROJECT_VERSION = 1;
				GENERATE_INFOPLIST_FILE = YES;
				IPHONEOS_DEPLOYMENT_TARGET = 17.0;
				MARKETING_VERSION = 1.0;
				PRODUCT_BUNDLE_IDENTIFIER = "com.neosoft.Feature-Flagging-AppTests";
				PRODUCT_NAME = "$(TARGET_NAME)";
				SWIFT_EMIT_LOC_STRINGS = NO;
				SWIFT_VERSION = 5.0;
				TARGETED_DEVICE_FAMILY = "1,2";
				TEST_HOST = "$(BUILT_PRODUCTS_DIR)/Feature_Flagging_App.app/$(BUNDLE_EXECUTABLE_FOLDER_PATH)/Feature_Flagging_App";
			};
			name = Debug;
		};
		92744E502AB8540C00794EA0 /* Release */ = {
			isa = XCBuildConfiguration;
			buildSettings = {
				ALWAYS_EMBED_SWIFT_STANDARD_LIBRARIES = YES;
				BUNDLE_LOADER = "$(TEST_HOST)";
				CODE_SIGN_STYLE = Automatic;
				CURRENT_PROJECT_VERSION = 1;
				GENERATE_INFOPLIST_FILE = YES;
				IPHONEOS_DEPLOYMENT_TARGET = 17.0;
				MARKETING_VERSION = 1.0;
				PRODUCT_BUNDLE_IDENTIFIER = "com.neosoft.Feature-Flagging-AppTests";
				PRODUCT_NAME = "$(TARGET_NAME)";
				SWIFT_EMIT_LOC_STRINGS = NO;
				SWIFT_VERSION = 5.0;
				TARGETED_DEVICE_FAMILY = "1,2";
				TEST_HOST = "$(BUILT_PRODUCTS_DIR)/Feature_Flagging_App.app/$(BUNDLE_EXECUTABLE_FOLDER_PATH)/Feature_Flagging_App";
			};
			name = Release;
		};
		92744E522AB8540C00794EA0 /* Debug */ = {
			isa = XCBuildConfiguration;
			buildSettings = {
				ALWAYS_EMBED_SWIFT_STANDARD_LIBRARIES = YES;
				CODE_SIGN_STYLE = Automatic;
				CURRENT_PROJECT_VERSION = 1;
				GENERATE_INFOPLIST_FILE = YES;
				MARKETING_VERSION = 1.0;
				PRODUCT_BUNDLE_IDENTIFIER = "com.neosoft.Feature-Flagging-AppUITests";
				PRODUCT_NAME = "$(TARGET_NAME)";
				SWIFT_EMIT_LOC_STRINGS = NO;
				SWIFT_VERSION = 5.0;
				TARGETED_DEVICE_FAMILY = "1,2";
				TEST_TARGET_NAME = Feature_Flagging_App;
			};
			name = Debug;
		};
		92744E532AB8540C00794EA0 /* Release */ = {
			isa = XCBuildConfiguration;
			buildSettings = {
				ALWAYS_EMBED_SWIFT_STANDARD_LIBRARIES = YES;
				CODE_SIGN_STYLE = Automatic;
				CURRENT_PROJECT_VERSION = 1;
				GENERATE_INFOPLIST_FILE = YES;
				MARKETING_VERSION = 1.0;
				PRODUCT_BUNDLE_IDENTIFIER = "com.neosoft.Feature-Flagging-AppUITests";
				PRODUCT_NAME = "$(TARGET_NAME)";
				SWIFT_EMIT_LOC_STRINGS = NO;
				SWIFT_VERSION = 5.0;
				TARGETED_DEVICE_FAMILY = "1,2";
				TEST_TARGET_NAME = Feature_Flagging_App;
			};
			name = Release;
		};
/* End XCBuildConfiguration section */

/* Begin XCConfigurationList section */
		92744E1C2AB8540A00794EA0 /* Build configuration list for PBXProject "Feature_Flagging_App" */ = {
			isa = XCConfigurationList;
			buildConfigurations = (
				92744E492AB8540C00794EA0 /* Debug */,
				92744E4A2AB8540C00794EA0 /* Release */,
			);
			defaultConfigurationIsVisible = 0;
			defaultConfigurationName = Release;
		};
		92744E4B2AB8540C00794EA0 /* Build configuration list for PBXNativeTarget "Feature_Flagging_App" */ = {
			isa = XCConfigurationList;
			buildConfigurations = (
				92744E4C2AB8540C00794EA0 /* Debug */,
				92744E4D2AB8540C00794EA0 /* Release */,
			);
			defaultConfigurationIsVisible = 0;
			defaultConfigurationName = Release;
		};
		92744E4E2AB8540C00794EA0 /* Build configuration list for PBXNativeTarget "Feature_Flagging_AppTests" */ = {
			isa = XCConfigurationList;
			buildConfigurations = (
				92744E4F2AB8540C00794EA0 /* Debug */,
				92744E502AB8540C00794EA0 /* Release */,
			);
			defaultConfigurationIsVisible = 0;
			defaultConfigurationName = Release;
		};
		92744E512AB8540C00794EA0 /* Build configuration list for PBXNativeTarget "Feature_Flagging_AppUITests" */ = {
			isa = XCConfigurationList;
			buildConfigurations = (
				92744E522AB8540C00794EA0 /* Debug */,
				92744E532AB8540C00794EA0 /* Release */,
			);
			defaultConfigurationIsVisible = 0;
			defaultConfigurationName = Release;
		};
/* End XCConfigurationList section */
	};
	rootObject = 92744E192AB8540A00794EA0 /* Project object */;
}
